
Microsoft Visual Studio Solution File, Format Version 12.00
# Visual Studio Version 16
VisualStudioVersion = 16.0.28803.202
MinimumVisualStudioVersion = 10.0.40219.1
Project("{FAE04EC0-301F-11D3-BF4B-00C04F79EFBC}") = "SmartRockets", "SmartRockets\SmartRockets.csproj", "{761AB041-420B-48AD-B120-6958C308F26B}"
EndProject
Global
	GlobalSection(SolutionConfigurationPlatforms) = preSolution
		Debug|Any CPU = Debug|Any CPU
		Release|Any CPU = Release|Any CPU
	EndGlobalSection
	GlobalSection(ProjectConfigurationPlatforms) = postSolution
		{761AB041-420B-48AD-B120-6958C308F26B}.Debug|Any CPU.ActiveCfg = Debug|Any CPU
		{761AB041-420B-48AD-B120-6958C308F26B}.Debug|Any CPU.Build.0 = Debug|Any CPU
		{761AB041-420B-48AD-B120-6958C308F26B}.Release|Any CPU.ActiveCfg = Release|Any CPU
		{761AB041-420B-48AD-B120-6958C308F26B}.Release|Any CPU.Build.0 = Release|Any CPU
	EndGlobalSection
	GlobalSection(SolutionProperties) = preSolution
		HideSolutionNode = FALSE
	EndGlobalSection
	GlobalSection(ExtensibilityGlobals) = postSolution
		SolutionGuid = {2AF4F58D-8786-47D8-85D3-129F9A075CF5}
	EndGlobalSection
EndGlobal
